// !$*UTF8*$!
{
	archiveVersion = 1;
	classes = {
	};
	objectVersion = 46;
	objects = {

/* Begin PBXBuildFile section */
		CBBDA8FC1CC56228006950CE /* main.m in Sources */ = {isa = PBXBuildFile; fileRef = CBBDA8FB1CC56228006950CE /* main.m */; };
		CBBDA8FF1CC56228006950CE /* AppDelegate.m in Sources */ = {isa = PBXBuildFile; fileRef = CBBDA8FE1CC56228006950CE /* AppDelegate.m */; };
		CBBDA9021CC56228006950CE /* ViewController.m in Sources */ = {isa = PBXBuildFile; fileRef = CBBDA9011CC56228006950CE /* ViewController.m */; };
		CBBDA9051CC56228006950CE /* Main.storyboard in Resources */ = {isa = PBXBuildFile; fileRef = CBBDA9031CC56228006950CE /* Main.storyboard */; };
		CBBDA9071CC56228006950CE /* Assets.xcassets in Resources */ = {isa = PBXBuildFile; fileRef = CBBDA9061CC56228006950CE /* Assets.xcassets */; };
		CBBDA90A1CC56228006950CE /* LaunchScreen.storyboard in Resources */ = {isa = PBXBuildFile; fileRef = CBBDA9081CC56228006950CE /* LaunchScreen.storyboard */; };
/* End PBXBuildFile section */

/* Begin PBXFileReference section */
		CBBDA8F71CC56228006950CE /* GoogleTextSearch.app */ = {isa = PBXFileReference; explicitFileType = wrapper.application; includeInIndex = 0; path = GoogleTextSearch.app; sourceTree = BUILT_PRODUCTS_DIR; };
		CBBDA8FB1CC56228006950CE /* main.m */ = {isa = PBXFileReference; lastKnownFileType = sourcecode.c.objc; path = main.m; sourceTree = "<group>"; };
		CBBDA8FD1CC56228006950CE /* AppDelegate.h */ = {isa = PBXFileReference; lastKnownFileType = sourcecode.c.h; path = AppDelegate.h; sourceTree = "<group>"; };
		CBBDA8FE1CC56228006950CE /* AppDelegate.m */ = {isa = PBXFileReference; lastKnownFileType = sourcecode.c.objc; path = AppDelegate.m; sourceTree = "<group>"; };
		CBBDA9001CC56228006950CE /* ViewController.h */ = {isa = PBXFileReference; lastKnownFileType = sourcecode.c.h; path = ViewController.h; sourceTree = "<group>"; };
		CBBDA9011CC56228006950CE /* ViewController.m */ = {isa = PBXFileReference; lastKnownFileType = sourcecode.c.objc; path = ViewController.m; sourceTree = "<group>"; };
		CBBDA9041CC56228006950CE /* Base */ = {isa = PBXFileReference; lastKnownFileType = file.storyboard; name = Base; path = Base.lproj/Main.storyboard; sourceTree = "<group>"; };
		CBBDA9061CC56228006950CE /* Assets.xcassets */ = {isa = PBXFileReference; lastKnownFileType = folder.assetcatalog; path = Assets.xcassets; sourceTree = "<group>"; };
		CBBDA9091CC56228006950CE /* Base */ = {isa = PBXFileReference; lastKnownFileType = file.storyboard; name = Base; path = Base.lproj/LaunchScreen.storyboard; sourceTree = "<group>"; };
		CBBDA90B1CC56228006950CE /* Info.plist */ = {isa = PBXFileReference; lastKnownFileType = text.plist.xml; path = Info.plist; sourceTree = "<group>"; };
/* End PBXFileReference section */

/* Begin PBXFrameworksBuildPhase section */
		CBBDA8F41CC56228006950CE /* Frameworks */ = {
			isa = PBXFrameworksBuildPhase;
			buildActionMask = 2147483647;
			files = (
			);
			runOnlyForDeploymentPostprocessing = 0;
		};
/* End PBXFrameworksBuildPhase section */

/* Begin PBXGroup section */
		CBBDA8EE1CC56227006950CE = {
			isa = PBXGroup;
			children = (
				CBBDA8F91CC56228006950CE /* GoogleTextSearch */,
				CBBDA8F81CC56228006950CE /* Products */,
			);
			sourceTree = "<group>";
		};
		CBBDA8F81CC56228006950CE /* Products */ = {
			isa = PBXGroup;
			children = (
				CBBDA8F71CC56228006950CE /* GoogleTextSearch.app */,
			);
			name = Products;
			sourceTree = "<group>";
		};
		CBBDA8F91CC56228006950CE /* GoogleTextSearch */ = {
			isa = PBXGroup;
			children = (
				CBBDA8FD1CC56228006950CE /* AppDelegate.h */,
				CBBDA8FE1CC56228006950CE /* AppDelegate.m */,
				CBBDA9001CC56228006950CE /* ViewController.h */,
				CBBDA9011CC56228006950CE /* ViewController.m */,
				CBBDA9031CC56228006950CE /* Main.storyboard */,
				CBBDA9061CC56228006950CE /* Assets.xcassets */,
				CBBDA9081CC56228006950CE /* LaunchScreen.storyboard */,
				CBBDA90B1CC56228006950CE /* Info.plist */,
				CBBDA8FA1CC56228006950CE /* Supporting Files */,
			);
			path = GoogleTextSearch;
			sourceTree = "<group>";
		};
		CBBDA8FA1CC56228006950CE /* Supporting Files */ = {
			isa = PBXGroup;
			children = (
				CBBDA8FB1CC56228006950CE /* main.m */,
			);
			name = "Supporting Files";
			sourceTree = "<group>";
		};
/* End PBXGroup section */

/* Begin PBXNativeTarget section */
		CBBDA8F61CC56228006950CE /* GoogleTextSearch */ = {
			isa = PBXNativeTarget;
			buildConfigurationList = CBBDA90E1CC56228006950CE /* Build configuration list for PBXNativeTarget "GoogleTextSearch" */;
			buildPhases = (
				CBBDA8F31CC56228006950CE /* Sources */,
				CBBDA8F41CC56228006950CE /* Frameworks */,
				CBBDA8F51CC56228006950CE /* Resources */,
			);
			buildRules = (
			);
			dependencies = (
			);
			name = GoogleTextSearch;
			productName = GoogleTextSearch;
			productReference = CBBDA8F71CC56228006950CE /* GoogleTextSearch.app */;
			productType = "com.apple.product-type.application";
		};
/* End PBXNativeTarget section */

/* Begin PBXProject section */
		CBBDA8EF1CC56227006950CE /* Project object */ = {
			isa = PBXProject;
			attributes = {
				LastUpgradeCheck = 0720;
				ORGANIZATIONNAME = Raghu;
				TargetAttributes = {
					CBBDA8F61CC56228006950CE = {
						CreatedOnToolsVersion = 7.2;
					};
				};
			};
			buildConfigurationList = CBBDA8F21CC56227006950CE /* Build configuration list for PBXProject "GoogleTextSearch" */;
			compatibilityVersion = "Xcode 3.2";
			developmentRegion = English;
			hasScannedForEncodings = 0;
			knownRegions = (
				en,
				Base,
			);
			mainGroup = CBBDA8EE1CC56227006950CE;
			productRefGroup = CBBDA8F81CC56228006950CE /* Products */;
			projectDirPath = "";
			projectRoot = "";
			targets = (
				CBBDA8F61CC56228006950CE /* GoogleTextSearch */,
			);
		};
/* End PBXProject section */

/* Begin PBXResourcesBuildPhase section */
		CBBDA8F51CC56228006950CE /* Resources */ = {
			isa = PBXResourcesBuildPhase;
			buildActionMask = 2147483647;
			files = (
				CBBDA90A1CC56228006950CE /* LaunchScreen.storyboard in Resources */,
				CBBDA9071CC56228006950CE /* Assets.xcassets in Resources */,
				CBBDA9051CC56228006950CE /* Main.storyboard in Resources */,
			);
			runOnlyForDeploymentPostprocessing = 0;
		};
/* End PBXResourcesBuildPhase section */

/* Begin PBXSourcesBuildPhase section */
		CBBDA8F31CC56228006950CE /* Sources */ = {
			isa = PBXSourcesBuildPhase;
			buildActionMask = 2147483647;
			files = (
				CBBDA9021CC56228006950CE /* ViewController.m in Sources */,
				CBBDA8FF1CC56228006950CE /* AppDelegate.m in Sources */,
				CBBDA8FC1CC56228006950CE /* main.m in Sources */,
			);
			runOnlyForDeploymentPostprocessing = 0;
		};
/* End PBXSourcesBuildPhase section */

/* Begin PBXVariantGroup section */
		CBBDA9031CC56228006950CE /* Main.storyboard */ = {
			isa = PBXVariantGroup;
			children = (
				CBBDA9041CC56228006950CE /* Base */,
			);
			name = Main.storyboard;
			sourceTree = "<group>";
		};
		CBBDA9081CC56228006950CE /* LaunchScreen.storyboard */ = {
			isa = PBXVariantGroup;
			children = (
				CBBDA9091CC56228006950CE /* Base */,
			);
			name = LaunchScreen.storyboard;
			sourceTree = "<group>";
		};
/* End PBXVariantGroup section */

/* Begin XCBuildConfiguration section */
		CBBDA90C1CC56228006950CE /* Debug */ = {
			isa = XCBuildConfiguration;
			buildSettings = {
				ALWAYS_SEARCH_USER_PATHS = NO;
				CLANG_CXX_LANGUAGE_STANDARD = "gnu++0x";
				CLANG_CXX_LIBRARY = "libc++";
				CLANG_ENABLE_MODULES = YES;
				CLANG_ENABLE_OBJC_ARC = YES;
				CLANG_WARN_BOOL_CONVERSION = YES;
				CLANG_WARN_CONSTANT_CONVERSION = YES;
				CLANG_WARN_DIRECT_OBJC_ISA_USAGE = YES_ERROR;
				CLANG_WARN_EMPTY_BODY = YES;
				CLANG_WARN_ENUM_CONVERSION = YES;
				CLANG_WARN_INT_CONVERSION = YES;
				CLANG_WARN_OBJC_ROOT_CLASS = YES_ERROR;
				CLANG_WARN_UNREACHABLE_CODE = YES;
				CLANG_WARN__DUPLICATE_METHOD_MATCH = YES;
				"CODE_SIGN_IDENTITY[sdk=iphoneos*]" = "iPhone Developer";
				COPY_PHASE_STRIP = NO;
				DEBUG_INFORMATION_FORMAT = dwarf;
				ENABLE_STRICT_OBJC_MSGSEND = YES;
				ENABLE_TESTABILITY = YES;
				GCC_C_LANGUAGE_STANDARD = gnu99;
				GCC_DYNAMIC_NO_PIC = NO;
				GCC_NO_COMMON_BLOCKS = YES;
				GCC_OPTIMIZATION_LEVEL = 0;
				GCC_PREPROCESSOR_DEFINITIONS = (
					"DEBUG=1",
					"$(inherited)",
				);
				GCC_WARN_64_TO_32_BIT_CONVERSION = YES;
				GCC_WARN_ABOUT_RETURN_TYPE = YES_ERROR;
				GCC_WARN_UNDECLARED_SELECTOR = YES;
				GCC_WARN_UNINITIALIZED_AUTOS = YES_AGGRESSIVE;
				GCC_WARN_UNUSED_FUNCTION = YES;
				GCC_WARN_UNUSED_VARIABLE = YES;
				IPHONEOS_DEPLOYMENT_TARGET = 9.2;
				MTL_ENABLE_DEBUG_INFO = YES;
				ONLY_ACTIVE_ARCH = YES;
				SDKROOT = iphoneos;
			};
			name = Debug;
		};
		CBBDA90D1CC56228006950CE /* Release */ = {
			isa = XCBuildConfiguration;
			buildSettings = {
				ALWAYS_SEARCH_USER_PATHS = NO;
				CLANG_CXX_LANGUAGE_STANDARD = "gnu++0x";
				CLANG_CXX_LIBRARY = "libc++";
				CLANG_ENABLE_MODULES = YES;
				CLANG_ENABLE_OBJC_ARC = YES;
				CLANG_WARN_BOOL_CONVERSION = YES;
				CLANG_WARN_CONSTANT_CONVERSION = YES;
				CLANG_WARN_DIRECT_OBJC_ISA_USAGE = YES_ERROR;
				CLANG_WARN_EMPTY_BODY = YES;
				CLANG_WARN_ENUM_CONVERSION = YES;
				CLANG_WARN_INT_CONVERSION = YES;
				CLANG_WARN_OBJC_ROOT_CLASS = YES_ERROR;
				CLANG_WARN_UNREACHABLE_CODE = YES;
				CLANG_WARN__DUPLICATE_METHOD_MATCH = YES;
				"CODE_SIGN_IDENTITY[sdk=iphoneos*]" = "iPhone Developer";
				COPY_PHASE_STRIP = NO;
				DEBUG_INFORMATION_FORMAT = "dwarf-with-dsym";
				ENABLE_NS_ASSERTIONS = NO;
				ENABLE_STRICT_OBJC_MSGSEND = YES;
				GCC_C_LANGUAGE_STANDARD = gnu99;
				GCC_NO_COMMON_BLOCKS = YES;
				GCC_WARN_64_TO_32_BIT_CONVERSION = YES;
				GCC_WARN_ABOUT_RETURN_TYPE = YES_ERROR;
				GCC_WARN_UNDECLARED_SELECTOR = YES;
				GCC_WARN_UNINITIALIZED_AUTOS = YES_AGGRESSIVE;
				GCC_WARN_UNUSED_FUNCTION = YES;
				GCC_WARN_UNUSED_VARIABLE = YES;
				IPHONEOS_DEPLOYMENT_TARGET = 9.2;
				MTL_ENABLE_DEBUG_INFO = NO;
				SDKROOT = iphoneos;
				VALIDATE_PRODUCT = YES;
			};
			name = Release;
		};
		CBBDA90F1CC56228006950CE /* Debug */ = {
			isa = XCBuildConfiguration;
			buildSettings = {
				ASSETCATALOG_COMPILER_APPICON_NAME = AppIcon;
				INFOPLIST_FILE = GoogleTextSearch/Info.plist;
				LD_RUNPATH_SEARCH_PATHS = "$(inherited) @executable_path/Frameworks";
				PRODUCT_BUNDLE_IDENTIFIER = com.raghu.GoogleTextSearch;
				PRODUCT_NAME = "$(TARGET_NAME)";
			};
			name = Debug;
		};
		CBBDA9101CC56228006950CE /* Release */ = {
			isa = XCBuildConfiguration;
			buildSettings = {
				ASSETCATALOG_COMPILER_APPICON_NAME = AppIcon;
				INFOPLIST_FILE = GoogleTextSearch/Info.plist;
				LD_RUNPATH_SEARCH_PATHS = "$(inherited) @executable_path/Frameworks";
				PRODUCT_BUNDLE_IDENTIFIER = com.raghu.GoogleTextSearch;
				PRODUCT_NAME = "$(TARGET_NAME)";
			};
			name = Release;
		};
/* End XCBuildConfiguration section */

/* Begin XCConfigurationList section */
		CBBDA8F21CC56227006950CE /* Build configuration list for PBXProject "GoogleTextSearch" */ = {
			isa = XCConfigurationList;
			buildConfigurations = (
				CBBDA90C1CC56228006950CE /* Debug */,
				CBBDA90D1CC56228006950CE /* Release */,
			);
			defaultConfigurationIsVisible = 0;
			defaultConfigurationName = Release;
		};
		CBBDA90E1CC56228006950CE /* Build configuration list for PBXNativeTarget "GoogleTextSearch" */ = {
			isa = XCConfigurationList;
			buildConfigurations = (
				CBBDA90F1CC56228006950CE /* Debug */,
				CBBDA9101CC56228006950CE /* Release */,
			);
			defaultConfigurationIsVisible = 0;
		};
/* End XCConfigurationList section */
	};
	rootObject = CBBDA8EF1CC56227006950CE /* Project object */;
}
